
Microsoft Visual Studio Solution File, Format Version 12.00
# Visual Studio 15
VisualStudioVersion = 15.0.28010.2050
MinimumVisualStudioVersion = 10.0.40219.1
Project("{FAE04EC0-301F-11D3-BF4B-00C04F79EFBC}") = "ACM.BL", "ACM.BL\ACM.BL.csproj", "{A12E2CFC-4CA8-4A4A-B7D4-121388375FB2}"
EndProject
Project("{2150E333-8FDC-42A3-9474-1A3956D46DE8}") = "Test", "Test", "{17EEDB56-A43C-4D95-A6EF-FCBC402BE407}"
EndProject
Project("{FAE04EC0-301F-11D3-BF4B-00C04F79EFBC}") = "ACM.BLTest", "ACM.BLTest\ACM.BLTest.csproj", "{CDB1BDBF-E9C0-424B-AFCA-5B61A80D2118}"
EndProject
Global
	GlobalSection(SolutionConfigurationPlatforms) = preSolution
		Debug|Any CPU = Debug|Any CPU
		Release|Any CPU = Release|Any CPU
	EndGlobalSection
	GlobalSection(ProjectConfigurationPlatforms) = postSolution
		{A12E2CFC-4CA8-4A4A-B7D4-121388375FB2}.Debug|Any CPU.ActiveCfg = Debug|Any CPU
		{A12E2CFC-4CA8-4A4A-B7D4-121388375FB2}.Debug|Any CPU.Build.0 = Debug|Any CPU
		{A12E2CFC-4CA8-4A4A-B7D4-121388375FB2}.Release|Any CPU.ActiveCfg = Release|Any CPU
		{A12E2CFC-4CA8-4A4A-B7D4-121388375FB2}.Release|Any CPU.Build.0 = Release|Any CPU
		{CDB1BDBF-E9C0-424B-AFCA-5B61A80D2118}.Debug|Any CPU.ActiveCfg = Debug|Any CPU
		{CDB1BDBF-E9C0-424B-AFCA-5B61A80D2118}.Debug|Any CPU.Build.0 = Debug|Any CPU
		{CDB1BDBF-E9C0-424B-AFCA-5B61A80D2118}.Release|Any CPU.ActiveCfg = Release|Any CPU
		{CDB1BDBF-E9C0-424B-AFCA-5B61A80D2118}.Release|Any CPU.Build.0 = Release|Any CPU
	EndGlobalSection
	GlobalSection(SolutionProperties) = preSolution
		HideSolutionNode = FALSE
	EndGlobalSection
	GlobalSection(NestedProjects) = preSolution
		{CDB1BDBF-E9C0-424B-AFCA-5B61A80D2118} = {17EEDB56-A43C-4D95-A6EF-FCBC402BE407}
	EndGlobalSection
	GlobalSection(ExtensibilityGlobals) = postSolution
		SolutionGuid = {8EC10A0D-1D51-43AB-828F-7FED5A07CD82}
	EndGlobalSection
EndGlobal
